{
  "name": "examples",
  "version": "1.0.0",
  "lockfileVersion": 2,
  "requires": true,
  "packages": {
    "": {
      "name": "examples",
      "version": "1.0.0",
      "license": "ISC",
      "dependencies": {
        "walma-ui": "^1.0.0"
      }
    },
    "../packages/components": {
      "name": "walma-ui",
      "version": "1.0.0",
      "license": "MIT"
    },
    "node_modules/walma-ui": {
      "resolved": "../packages/components",
      "link": true
    }
  },
  "dependencies": {
    "walma-ui": {
      "version": "file:../packages/components"
    }
  }
}
